
Microsoft Visual Studio Solution File, Format Version 12.00
# Visual Studio Version 17
VisualStudioVersion = 17.7.34009.444
MinimumVisualStudioVersion = 10.0.40219.1
Project("{FAE04EC0-301F-11D3-BF4B-00C04F79EFBC}") = "Project", "Project.csproj", "{868ABF58-F3B7-4550-909A-FD399F1DFCAA}"
EndProject
Global
	GlobalSection(SolutionConfigurationPlatforms) = preSolution
		Debug|Any CPU = Debug|Any CPU
		Release|Any CPU = Release|Any CPU
	EndGlobalSection
	GlobalSection(ProjectConfigurationPlatforms) = postSolution
		{868ABF58-F3B7-4550-909A-FD399F1DFCAA}.Debug|Any CPU.ActiveCfg = Debug|Any CPU
		{868ABF58-F3B7-4550-909A-FD399F1DFCAA}.Debug|Any CPU.Build.0 = Debug|Any CPU
		{868ABF58-F3B7-4550-909A-FD399F1DFCAA}.Release|Any CPU.ActiveCfg = Release|Any CPU
		{868ABF58-F3B7-4550-909A-FD399F1DFCAA}.Release|Any CPU.Build.0 = Release|Any CPU
	EndGlobalSection
	GlobalSection(SolutionProperties) = preSolution
		HideSolutionNode = FALSE
	EndGlobalSection
	GlobalSection(ExtensibilityGlobals) = postSolution
		SolutionGuid = {D4E73696-2106-40D5-9139-35BB46927382}
	EndGlobalSection
EndGlobal
